
Microsoft Visual Studio Solution File, Format Version 12.00
# Visual Studio 14
VisualStudioVersion = 14.0.25420.1
MinimumVisualStudioVersion = 10.0.40219.1
Project("{FAE04EC0-301F-11D3-BF4B-00C04F79EFBC}") = "Senticode.CommandLineInterface", "Senticode.CommandLineInterface\Senticode.CommandLineInterface.csproj", "{D2E52098-54D7-457F-A05F-0DEC809B036B}"
EndProject
Project("{FAE04EC0-301F-11D3-BF4B-00C04F79EFBC}") = "SampleApplication", "SampleApplication\SampleApplication.csproj", "{9DB52BF5-4DB6-4081-B1AA-0C47CBDF1F5B}"
EndProject
Project("{2150E333-8FDC-42A3-9474-1A3956D46DE8}") = "Solution Items", "Solution Items", "{C4A8BFB9-8DF3-4C95-8008-27A14B7FDC11}"
	ProjectSection(SolutionItems) = preProject
		BackLog.txt = BackLog.txt
	EndProjectSection
EndProject
Project("{FAE04EC0-301F-11D3-BF4B-00C04F79EFBC}") = "Senticode.AppEnvironment.Common", "Senticode.AppEnvironment.Common\Senticode.AppEnvironment.Common.csproj", "{4B454815-1A68-4CFF-80BF-5A6F10E5F48E}"
EndProject
Project("{FAE04EC0-301F-11D3-BF4B-00C04F79EFBC}") = "Senticode.UnityIoC", "Senticode.UnityIoC\Senticode.UnityIoC.csproj", "{5AE57E16-F440-4A4E-860B-7CC80335BD7D}"
EndProject
Project("{FAE04EC0-301F-11D3-BF4B-00C04F79EFBC}") = "Senticode.AppEnvironment.AssemblyAgregator", "Senticode.AppEnvironment.AssemblyAgregator\Senticode.AppEnvironment.AssemblyAgregator.csproj", "{49F6DAC7-56E9-44A0-98CE-2568857C714B}"
EndProject
Project("{FAE04EC0-301F-11D3-BF4B-00C04F79EFBC}") = "Module1", "Module1\Module1.csproj", "{146E4FE8-2D68-4A44-8A0C-DE14C17B3596}"
EndProject
Project("{FAE04EC0-301F-11D3-BF4B-00C04F79EFBC}") = "Module2", "Module2\Module2.csproj", "{C7E9F3DF-A7D0-4344-B038-1AF76CDB5538}"
EndProject
Project("{FAE04EC0-301F-11D3-BF4B-00C04F79EFBC}") = "Module3", "Module3\Module3.csproj", "{6C763BA1-2EF1-460D-8A78-3587D7716829}"
EndProject
Project("{FAE04EC0-301F-11D3-BF4B-00C04F79EFBC}") = "Common.Interfaces", "Common.Interfaces\Common.Interfaces.csproj", "{DB656C8D-9339-40C5-B472-C0DA35EA7ADF}"
EndProject
Project("{FAE04EC0-301F-11D3-BF4B-00C04F79EFBC}") = "MocObjects", "MocObjects\MocObjects.csproj", "{E7F1171D-2193-4A1D-A28A-C17A528B02CD}"
EndProject
Project("{2150E333-8FDC-42A3-9474-1A3956D46DE8}") = "Modules", "Modules", "{1E608D5F-2F04-4D01-8E79-26DBA6EFF465}"
EndProject
Project("{2150E333-8FDC-42A3-9474-1A3956D46DE8}") = "Tools", "Tools", "{4886012A-BD9D-4A48-9E87-489EFAB93EB3}"
EndProject
Project("{2150E333-8FDC-42A3-9474-1A3956D46DE8}") = "Common", "Common", "{2561E2DE-4198-4C2F-AFDF-AF2459852231}"
EndProject
Global
	GlobalSection(SolutionConfigurationPlatforms) = preSolution
		Debug|Any CPU = Debug|Any CPU
		Release|Any CPU = Release|Any CPU
	EndGlobalSection
	GlobalSection(ProjectConfigurationPlatforms) = postSolution
		{D2E52098-54D7-457F-A05F-0DEC809B036B}.Debug|Any CPU.ActiveCfg = Debug|Any CPU
		{D2E52098-54D7-457F-A05F-0DEC809B036B}.Debug|Any CPU.Build.0 = Debug|Any CPU
		{D2E52098-54D7-457F-A05F-0DEC809B036B}.Release|Any CPU.ActiveCfg = Release|Any CPU
		{D2E52098-54D7-457F-A05F-0DEC809B036B}.Release|Any CPU.Build.0 = Release|Any CPU
		{9DB52BF5-4DB6-4081-B1AA-0C47CBDF1F5B}.Debug|Any CPU.ActiveCfg = Debug|Any CPU
		{9DB52BF5-4DB6-4081-B1AA-0C47CBDF1F5B}.Debug|Any CPU.Build.0 = Debug|Any CPU
		{9DB52BF5-4DB6-4081-B1AA-0C47CBDF1F5B}.Release|Any CPU.ActiveCfg = Release|Any CPU
		{9DB52BF5-4DB6-4081-B1AA-0C47CBDF1F5B}.Release|Any CPU.Build.0 = Release|Any CPU
		{4B454815-1A68-4CFF-80BF-5A6F10E5F48E}.Debug|Any CPU.ActiveCfg = Debug|Any CPU
		{4B454815-1A68-4CFF-80BF-5A6F10E5F48E}.Debug|Any CPU.Build.0 = Debug|Any CPU
		{4B454815-1A68-4CFF-80BF-5A6F10E5F48E}.Release|Any CPU.ActiveCfg = Release|Any CPU
		{4B454815-1A68-4CFF-80BF-5A6F10E5F48E}.Release|Any CPU.Build.0 = Release|Any CPU
		{5AE57E16-F440-4A4E-860B-7CC80335BD7D}.Debug|Any CPU.ActiveCfg = Debug|Any CPU
		{5AE57E16-F440-4A4E-860B-7CC80335BD7D}.Debug|Any CPU.Build.0 = Debug|Any CPU
		{5AE57E16-F440-4A4E-860B-7CC80335BD7D}.Release|Any CPU.ActiveCfg = Release|Any CPU
		{5AE57E16-F440-4A4E-860B-7CC80335BD7D}.Release|Any CPU.Build.0 = Release|Any CPU
		{49F6DAC7-56E9-44A0-98CE-2568857C714B}.Debug|Any CPU.ActiveCfg = Debug|Any CPU
		{49F6DAC7-56E9-44A0-98CE-2568857C714B}.Debug|Any CPU.Build.0 = Debug|Any CPU
		{49F6DAC7-56E9-44A0-98CE-2568857C714B}.Release|Any CPU.ActiveCfg = Release|Any CPU
		{49F6DAC7-56E9-44A0-98CE-2568857C714B}.Release|Any CPU.Build.0 = Release|Any CPU
		{146E4FE8-2D68-4A44-8A0C-DE14C17B3596}.Debug|Any CPU.ActiveCfg = Debug|Any CPU
		{146E4FE8-2D68-4A44-8A0C-DE14C17B3596}.Debug|Any CPU.Build.0 = Debug|Any CPU
		{146E4FE8-2D68-4A44-8A0C-DE14C17B3596}.Release|Any CPU.ActiveCfg = Release|Any CPU
		{146E4FE8-2D68-4A44-8A0C-DE14C17B3596}.Release|Any CPU.Build.0 = Release|Any CPU
		{C7E9F3DF-A7D0-4344-B038-1AF76CDB5538}.Debug|Any CPU.ActiveCfg = Debug|Any CPU
		{C7E9F3DF-A7D0-4344-B038-1AF76CDB5538}.Debug|Any CPU.Build.0 = Debug|Any CPU
		{C7E9F3DF-A7D0-4344-B038-1AF76CDB5538}.Release|Any CPU.ActiveCfg = Release|Any CPU
		{C7E9F3DF-A7D0-4344-B038-1AF76CDB5538}.Release|Any CPU.Build.0 = Release|Any CPU
		{6C763BA1-2EF1-460D-8A78-3587D7716829}.Debug|Any CPU.ActiveCfg = Debug|Any CPU
		{6C763BA1-2EF1-460D-8A78-3587D7716829}.Debug|Any CPU.Build.0 = Debug|Any CPU
		{6C763BA1-2EF1-460D-8A78-3587D7716829}.Release|Any CPU.ActiveCfg = Release|Any CPU
		{6C763BA1-2EF1-460D-8A78-3587D7716829}.Release|Any CPU.Build.0 = Release|Any CPU
		{DB656C8D-9339-40C5-B472-C0DA35EA7ADF}.Debug|Any CPU.ActiveCfg = Debug|Any CPU
		{DB656C8D-9339-40C5-B472-C0DA35EA7ADF}.Debug|Any CPU.Build.0 = Debug|Any CPU
		{DB656C8D-9339-40C5-B472-C0DA35EA7ADF}.Release|Any CPU.ActiveCfg = Release|Any CPU
		{DB656C8D-9339-40C5-B472-C0DA35EA7ADF}.Release|Any CPU.Build.0 = Release|Any CPU
		{E7F1171D-2193-4A1D-A28A-C17A528B02CD}.Debug|Any CPU.ActiveCfg = Debug|Any CPU
		{E7F1171D-2193-4A1D-A28A-C17A528B02CD}.Debug|Any CPU.Build.0 = Debug|Any CPU
		{E7F1171D-2193-4A1D-A28A-C17A528B02CD}.Release|Any CPU.ActiveCfg = Release|Any CPU
		{E7F1171D-2193-4A1D-A28A-C17A528B02CD}.Release|Any CPU.Build.0 = Release|Any CPU
	EndGlobalSection
	GlobalSection(SolutionProperties) = preSolution
		HideSolutionNode = FALSE
	EndGlobalSection
	GlobalSection(NestedProjects) = preSolution
		{D2E52098-54D7-457F-A05F-0DEC809B036B} = {4886012A-BD9D-4A48-9E87-489EFAB93EB3}
		{4B454815-1A68-4CFF-80BF-5A6F10E5F48E} = {4886012A-BD9D-4A48-9E87-489EFAB93EB3}
		{5AE57E16-F440-4A4E-860B-7CC80335BD7D} = {4886012A-BD9D-4A48-9E87-489EFAB93EB3}
		{49F6DAC7-56E9-44A0-98CE-2568857C714B} = {2561E2DE-4198-4C2F-AFDF-AF2459852231}
		{146E4FE8-2D68-4A44-8A0C-DE14C17B3596} = {1E608D5F-2F04-4D01-8E79-26DBA6EFF465}
		{C7E9F3DF-A7D0-4344-B038-1AF76CDB5538} = {1E608D5F-2F04-4D01-8E79-26DBA6EFF465}
		{6C763BA1-2EF1-460D-8A78-3587D7716829} = {1E608D5F-2F04-4D01-8E79-26DBA6EFF465}
		{DB656C8D-9339-40C5-B472-C0DA35EA7ADF} = {2561E2DE-4198-4C2F-AFDF-AF2459852231}
		{E7F1171D-2193-4A1D-A28A-C17A528B02CD} = {1E608D5F-2F04-4D01-8E79-26DBA6EFF465}
	EndGlobalSection
EndGlobal
